# This file is autogenerated, do not edit; changes may be undone by the next 'dep ensure'.


[[projects]]
  name = "github.com/asaskevich/govalidator"
  packages = ["."]
  revision = "ccb8e960c48f04d6935e72476ae4a51028f9e22f"
  version = "v9"

[[projects]]
  name = "github.com/aws/aws-lambda-go"
  packages = ["lambda","lambda/messages","lambdacontext"]
  revision = "4d30d0ff60440c2d0480a15747c96ee71c3c53d4"
  version = "v1.2.0"

[[projects]]
  name = "github.com/boombuler/barcode"
  packages = [".","qr","utils"]
  revision = "3cfea5ab600ae37946be2b763b8ec2c1cf2d272d"
  version = "v1.0.0"

[solve-meta]
  analyzer-name = "dep"
  analyzer-version = 1
  inputs-digest = "50fdb197feccf3bfd46add8c1175a81109077fe248ff3e823f8ab17fe7b0eb2c"
  solver-name = "gps-cdcl"
  solver-version = 1
